
Microsoft Visual Studio Solution File, Format Version 12.00
# Visual Studio 15
VisualStudioVersion = 15.0.27004.2009
MinimumVisualStudioVersion = 10.0.40219.1
Project("{FAE04EC0-301F-11D3-BF4B-00C04F79EFBC}") = "CarWorkshop.WebUI", "CarWorkshop.WebUI\CarWorkshop.WebUI.csproj", "{82E42F5E-EA5A-4E9A-9B81-B4BE9E3456E0}"
EndProject
Project("{FAE04EC0-301F-11D3-BF4B-00C04F79EFBC}") = "CarWorkshop.UnitTests", "CarWorkshop.UnitTests\CarWorkshop.UnitTests.csproj", "{0316323F-AF9E-428D-867C-A5D52A50755C}"
EndProject
Project("{FAE04EC0-301F-11D3-BF4B-00C04F79EFBC}") = "CarWorkshop.Domain", "CarWorkshop.Domain\CarWorkshop.Domain.csproj", "{F851AB19-DCAA-4BB0-914E-4EFE4E3253A9}"
EndProject
Global
	GlobalSection(SolutionConfigurationPlatforms) = preSolution
		Debug|Any CPU = Debug|Any CPU
		Release|Any CPU = Release|Any CPU
	EndGlobalSection
	GlobalSection(ProjectConfigurationPlatforms) = postSolution
		{82E42F5E-EA5A-4E9A-9B81-B4BE9E3456E0}.Debug|Any CPU.ActiveCfg = Debug|Any CPU
		{82E42F5E-EA5A-4E9A-9B81-B4BE9E3456E0}.Debug|Any CPU.Build.0 = Debug|Any CPU
		{82E42F5E-EA5A-4E9A-9B81-B4BE9E3456E0}.Release|Any CPU.ActiveCfg = Release|Any CPU
		{82E42F5E-EA5A-4E9A-9B81-B4BE9E3456E0}.Release|Any CPU.Build.0 = Release|Any CPU
		{0316323F-AF9E-428D-867C-A5D52A50755C}.Debug|Any CPU.ActiveCfg = Debug|Any CPU
		{0316323F-AF9E-428D-867C-A5D52A50755C}.Debug|Any CPU.Build.0 = Debug|Any CPU
		{0316323F-AF9E-428D-867C-A5D52A50755C}.Release|Any CPU.ActiveCfg = Release|Any CPU
		{0316323F-AF9E-428D-867C-A5D52A50755C}.Release|Any CPU.Build.0 = Release|Any CPU
		{F851AB19-DCAA-4BB0-914E-4EFE4E3253A9}.Debug|Any CPU.ActiveCfg = Debug|Any CPU
		{F851AB19-DCAA-4BB0-914E-4EFE4E3253A9}.Debug|Any CPU.Build.0 = Debug|Any CPU
		{F851AB19-DCAA-4BB0-914E-4EFE4E3253A9}.Release|Any CPU.ActiveCfg = Release|Any CPU
		{F851AB19-DCAA-4BB0-914E-4EFE4E3253A9}.Release|Any CPU.Build.0 = Release|Any CPU
	EndGlobalSection
	GlobalSection(SolutionProperties) = preSolution
		HideSolutionNode = FALSE
	EndGlobalSection
	GlobalSection(ExtensibilityGlobals) = postSolution
		SolutionGuid = {B094299D-4EA8-49F6-BB40-A2BB6EAFEF7D}
	EndGlobalSection
EndGlobal
